
Microsoft Visual Studio Solution File, Format Version 12.00
# Visual Studio Version 17
VisualStudioVersion = 17.0.31919.166
MinimumVisualStudioVersion = 10.0.40219.1
Project("{FAE04EC0-301F-11D3-BF4B-00C04F79EFBC}") = "Proiect1", "Proiect1\Proiect1.csproj", "{7807A0A9-F8C1-4D97-A4B4-6E8FDB35BE2E}"
EndProject
Global
	GlobalSection(SolutionConfigurationPlatforms) = preSolution
		Debug|Any CPU = Debug|Any CPU
		Release|Any CPU = Release|Any CPU
	EndGlobalSection
	GlobalSection(ProjectConfigurationPlatforms) = postSolution
		{7807A0A9-F8C1-4D97-A4B4-6E8FDB35BE2E}.Debug|Any CPU.ActiveCfg = Debug|Any CPU
		{7807A0A9-F8C1-4D97-A4B4-6E8FDB35BE2E}.Debug|Any CPU.Build.0 = Debug|Any CPU
		{7807A0A9-F8C1-4D97-A4B4-6E8FDB35BE2E}.Release|Any CPU.ActiveCfg = Release|Any CPU
		{7807A0A9-F8C1-4D97-A4B4-6E8FDB35BE2E}.Release|Any CPU.Build.0 = Release|Any CPU
	EndGlobalSection
	GlobalSection(SolutionProperties) = preSolution
		HideSolutionNode = FALSE
	EndGlobalSection
	GlobalSection(ExtensibilityGlobals) = postSolution
		SolutionGuid = {FEAEC50B-C123-4D3B-B67E-1ADE14DF115B}
	EndGlobalSection
EndGlobal
